
Microsoft Visual Studio Solution File, Format Version 12.00
# Visual Studio 14
VisualStudioVersion = 14.0.25420.1
MinimumVisualStudioVersion = 10.0.40219.1
Project("{FAE04EC0-301F-11D3-BF4B-00C04F79EFBC}") = "cx.Cache.Base", "cx.Cache.Base\cx.Cache.Base.csproj", "{AEDE7CF2-65F5-40B7-8EDF-5768A96988C0}"
EndProject
Project("{FAE04EC0-301F-11D3-BF4B-00C04F79EFBC}") = "cx.Cache.Factory", "cx.Cache.Factory\cx.Cache.Factory.csproj", "{FCA92BDF-336B-4C44-84F9-869A27916BB5}"
EndProject
Project("{FAE04EC0-301F-11D3-BF4B-00C04F79EFBC}") = "cx.Cache.Redis", "cx.Cache.Redis\cx.Cache.Redis.csproj", "{BE812B9B-3954-4860-BEF7-31A775C07718}"
EndProject
Project("{FAE04EC0-301F-11D3-BF4B-00C04F79EFBC}") = "cx.Loger", "cx.Loger\cx.Loger.csproj", "{E45961C9-4831-415A-B9A0-A9D023ABDE56}"
EndProject
Project("{2150E333-8FDC-42A3-9474-1A3956D46DE8}") = "03 Cache 缓存模块", "03 Cache 缓存模块", "{90F655F5-ED44-481F-84A1-AF67C9993D86}"
EndProject
Project("{2150E333-8FDC-42A3-9474-1A3956D46DE8}") = "04 Log 日志模块", "04 Log 日志模块", "{AEFB1BD9-1DFC-471C-8C8E-ADF2D78D86FD}"
EndProject
Project("{2150E333-8FDC-42A3-9474-1A3956D46DE8}") = "01 Util 实用类模块", "01 Util 实用类模块", "{2E0A50F2-3E31-4773-A4D8-5571BCB6E186}"
EndProject
Project("{FAE04EC0-301F-11D3-BF4B-00C04F79EFBC}") = "cx.Util", "cx.Util\cx.Util.csproj", "{00E08CC0-7CFF-4DC2-835F-6A113D133BCA}"
EndProject
Project("{2150E333-8FDC-42A3-9474-1A3956D46DE8}") = "02 Ioc 容器模块", "02 Ioc 容器模块", "{43187B7F-5F3A-465E-A949-00083693DF2E}"
EndProject
Project("{FAE04EC0-301F-11D3-BF4B-00C04F79EFBC}") = "cx.Ioc", "cx.Ioc\cx.Ioc.csproj", "{6F60D4D9-34D1-4708-ABCA-B2CCADB61CC9}"
EndProject
Project("{FAE04EC0-301F-11D3-BF4B-00C04F79EFBC}") = "cx.Util.Operat", "cx.Util.Operat\cx.Util.Operat.csproj", "{46FE183E-8E11-4E58-8F05-6AD7C988BA1C}"
EndProject
Project("{2150E333-8FDC-42A3-9474-1A3956D46DE8}") = "01 数据库实体映射", "01 数据库实体映射", "{75D67876-D154-4B75-9396-C8D6252E3D75}"
EndProject
Project("{2150E333-8FDC-42A3-9474-1A3956D46DE8}") = "02 框架本身模块", "02 框架本身模块", "{A2451A4A-00F2-4340-B1A1-59D46081DCE2}"
EndProject
Project("{2150E333-8FDC-42A3-9474-1A3956D46DE8}") = "Framework 基础模块", "Framework 基础模块", "{F3DBF210-17A8-480E-8D27-BF322154A702}"
EndProject
Project("{2150E333-8FDC-42A3-9474-1A3956D46DE8}") = "05 DataAccess 数据库模块", "05 DataAccess 数据库模块", "{C100DC6F-BD8C-4030-BFED-DE70F13277CB}"
EndProject
Project("{FAE04EC0-301F-11D3-BF4B-00C04F79EFBC}") = "cx.DataBase", "cx.DataBase\cx.DataBase.csproj", "{C6107976-F15D-41D0-AB54-EBE1B8DCF3AB}"
EndProject
Project("{FAE04EC0-301F-11D3-BF4B-00C04F79EFBC}") = "cx.DataBase.MySqlEx", "cx.DataBase.MySqlEx\cx.DataBase.MySqlEx.csproj", "{08BAEFC2-6B37-4D86-9FAA-63688E67F305}"
EndProject
Project("{FAE04EC0-301F-11D3-BF4B-00C04F79EFBC}") = "cx.DataBase.Oracle", "cx.DataBase.Oracle\cx.DataBase.Oracle.csproj", "{648525E2-FA64-4B5D-B485-74A7C440F53C}"
EndProject
Project("{FAE04EC0-301F-11D3-BF4B-00C04F79EFBC}") = "cx.DataBase.Repository", "cx.DataBase.Repository\cx.DataBase.Repository.csproj", "{CAE41532-BF58-4197-85E7-192A2006325F}"
EndProject
Project("{FAE04EC0-301F-11D3-BF4B-00C04F79EFBC}") = "cx.DataBase.SqlServer", "cx.DataBase.SqlServer\cx.DataBase.SqlServer.csproj", "{708C5A46-3385-4C41-81EB-03D9FDB74213}"
EndProject
Project("{2150E333-8FDC-42A3-9474-1A3956D46DE8}") = "ApplicationModule 应用模块", "ApplicationModule 应用模块", "{7CE5339B-BA55-412C-A0D2-D9578ADFE88B}"
EndProject
Project("{FAE04EC0-301F-11D3-BF4B-00C04F79EFBC}") = "cx.Application.Base", "cx.Application.Base\cx.Application.Base.csproj", "{5C251E96-AF2B-4348-99F1-6A28E4FAEBB4}"
EndProject
Project("{FAE04EC0-301F-11D3-BF4B-00C04F79EFBC}") = "cx.Application.AppMagager", "cx.Application.AppMagager\cx.Application.AppMagager.csproj", "{D9A3B471-8155-479E-AA16-0646B83B654B}"
EndProject
Project("{FAE04EC0-301F-11D3-BF4B-00C04F79EFBC}") = "cx.Application.CRM", "cx.Application.CRM\cx.Application.CRM.csproj", "{1061F659-8B41-450F-839F-15485F276E9E}"
EndProject
Project("{FAE04EC0-301F-11D3-BF4B-00C04F79EFBC}") = "cx.Application.Excel", "cx.Application.Excel\cx.Application.Excel.csproj", "{CDFF3685-0EF8-4102-B29F-54D8CEF5A5EC}"
EndProject
Project("{FAE04EC0-301F-11D3-BF4B-00C04F79EFBC}") = "cx.Application.Form", "cx.Application.Form\cx.Application.Form.csproj", "{6C42AB27-A6B4-4BF1-9485-0CB71F31D3CE}"
EndProject
Project("{FAE04EC0-301F-11D3-BF4B-00C04F79EFBC}") = "cx.Application.IM", "cx.Application.IM\cx.Application.IM.csproj", "{AA54C001-AB8F-4B5C-AE85-FE81B447C532}"
EndProject
Project("{FAE04EC0-301F-11D3-BF4B-00C04F79EFBC}") = "cx.Application.OA", "cx.Application.OA\cx.Application.OA.csproj", "{9FB27E85-50B3-4EFD-9028-E985EC438B95}"
EndProject
Project("{FAE04EC0-301F-11D3-BF4B-00C04F79EFBC}") = "cx.Application.Report", "cx.Application.Report\cx.Application.Report.csproj", "{F2DEE964-8CBB-4455-88A5-0352F6B5B5F8}"
EndProject
Project("{FAE04EC0-301F-11D3-BF4B-00C04F79EFBC}") = "cx.Application.WeChat", "cx.Application.WeChat\cx.Application.WeChat.csproj", "{D76EBF26-8DB8-4BEE-A04F-3B8511F83F2A}"
EndProject
Project("{FAE04EC0-301F-11D3-BF4B-00C04F79EFBC}") = "cx.Application.WorkFlow", "cx.Application.WorkFlow\cx.Application.WorkFlow.csproj", "{74B646F0-F229-4E7F-8B4B-4C7806474846}"
EndProject
Project("{FAE04EC0-301F-11D3-BF4B-00C04F79EFBC}") = "cx.Application.Organization", "cx.Application.Organization\cx.Application.Organization.csproj", "{0A034095-65BE-4106-9272-1C9A838AA624}"
EndProject
Project("{FAE04EC0-301F-11D3-BF4B-00C04F79EFBC}") = "cx.Application.Mapping", "cx.Application.Mapping\cx.Application.Mapping.csproj", "{3A90867A-CAE4-45B9-A690-ACDC6012B458}"
EndProject
Project("{2150E333-8FDC-42A3-9474-1A3956D46DE8}") = "03 二次开发模块", "03 二次开发模块", "{AE537F89-22A8-438C-9207-B429D1464A5F}"
EndProject
Project("{FAE04EC0-301F-11D3-BF4B-00C04F79EFBC}") = "cx.Application.TwoDevelopment", "cx.Application.TwoDevelopment\cx.Application.TwoDevelopment.csproj", "{C7AE2C6E-D3A7-4C06-8683-1338703E9C31}"
EndProject
Project("{2150E333-8FDC-42A3-9474-1A3956D46DE8}") = "SOA 应用服务", "SOA 应用服务", "{02D9CBEA-624E-4DF4-8D76-1B7FEFE52A49}"
EndProject
Project("{FAE04EC0-301F-11D3-BF4B-00C04F79EFBC}") = "cx.Application.IMServer", "cx.Application.IMServer\cx.Application.IMServer.csproj", "{32273F76-1AD0-4AFF-8B4A-3898227D4919}"
EndProject
Project("{2150E333-8FDC-42A3-9474-1A3956D46DE8}") = "应用", "应用", "{2074594C-9B49-41FE-B1C4-DC4436B29F25}"
EndProject
Project("{FAE04EC0-301F-11D3-BF4B-00C04F79EFBC}") = "cx.Application.Web", "cx.Application.Web\cx.Application.Web.csproj", "{CAEF27A7-EA16-4A1C-B826-1EE8CC052E16}"
EndProject
Project("{2150E333-8FDC-42A3-9474-1A3956D46DE8}") = "Tool", "Tool", "{87A81A2A-0802-4CEE-B140-09A720815FE2}"
	ProjectSection(SolutionItems) = preProject
		Tool\redis-desktop-manager-0.9.5.180825.exe = Tool\redis-desktop-manager-0.9.5.180825.exe
		Tool\Redis-x64-3.2.100(安装版).msi = Tool\Redis-x64-3.2.100(安装版).msi
	EndProjectSection
EndProject
Global
	GlobalSection(SolutionConfigurationPlatforms) = preSolution
		Debug|Any CPU = Debug|Any CPU
		Release|Any CPU = Release|Any CPU
	EndGlobalSection
	GlobalSection(ProjectConfigurationPlatforms) = postSolution
		{AEDE7CF2-65F5-40B7-8EDF-5768A96988C0}.Debug|Any CPU.ActiveCfg = Debug|Any CPU
		{AEDE7CF2-65F5-40B7-8EDF-5768A96988C0}.Debug|Any CPU.Build.0 = Debug|Any CPU
		{AEDE7CF2-65F5-40B7-8EDF-5768A96988C0}.Release|Any CPU.ActiveCfg = Release|Any CPU
		{AEDE7CF2-65F5-40B7-8EDF-5768A96988C0}.Release|Any CPU.Build.0 = Release|Any CPU
		{FCA92BDF-336B-4C44-84F9-869A27916BB5}.Debug|Any CPU.ActiveCfg = Debug|Any CPU
		{FCA92BDF-336B-4C44-84F9-869A27916BB5}.Debug|Any CPU.Build.0 = Debug|Any CPU
		{FCA92BDF-336B-4C44-84F9-869A27916BB5}.Release|Any CPU.ActiveCfg = Release|Any CPU
		{FCA92BDF-336B-4C44-84F9-869A27916BB5}.Release|Any CPU.Build.0 = Release|Any CPU
		{BE812B9B-3954-4860-BEF7-31A775C07718}.Debug|Any CPU.ActiveCfg = Debug|Any CPU
		{BE812B9B-3954-4860-BEF7-31A775C07718}.Debug|Any CPU.Build.0 = Debug|Any CPU
		{BE812B9B-3954-4860-BEF7-31A775C07718}.Release|Any CPU.ActiveCfg = Release|Any CPU
		{BE812B9B-3954-4860-BEF7-31A775C07718}.Release|Any CPU.Build.0 = Release|Any CPU
		{E45961C9-4831-415A-B9A0-A9D023ABDE56}.Debug|Any CPU.ActiveCfg = Debug|Any CPU
		{E45961C9-4831-415A-B9A0-A9D023ABDE56}.Debug|Any CPU.Build.0 = Debug|Any CPU
		{E45961C9-4831-415A-B9A0-A9D023ABDE56}.Release|Any CPU.ActiveCfg = Release|Any CPU
		{E45961C9-4831-415A-B9A0-A9D023ABDE56}.Release|Any CPU.Build.0 = Release|Any CPU
		{00E08CC0-7CFF-4DC2-835F-6A113D133BCA}.Debug|Any CPU.ActiveCfg = Debug|Any CPU
		{00E08CC0-7CFF-4DC2-835F-6A113D133BCA}.Debug|Any CPU.Build.0 = Debug|Any CPU
		{00E08CC0-7CFF-4DC2-835F-6A113D133BCA}.Release|Any CPU.ActiveCfg = Release|Any CPU
		{00E08CC0-7CFF-4DC2-835F-6A113D133BCA}.Release|Any CPU.Build.0 = Release|Any CPU
		{6F60D4D9-34D1-4708-ABCA-B2CCADB61CC9}.Debug|Any CPU.ActiveCfg = Debug|Any CPU
		{6F60D4D9-34D1-4708-ABCA-B2CCADB61CC9}.Debug|Any CPU.Build.0 = Debug|Any CPU
		{6F60D4D9-34D1-4708-ABCA-B2CCADB61CC9}.Release|Any CPU.ActiveCfg = Release|Any CPU
		{6F60D4D9-34D1-4708-ABCA-B2CCADB61CC9}.Release|Any CPU.Build.0 = Release|Any CPU
		{46FE183E-8E11-4E58-8F05-6AD7C988BA1C}.Debug|Any CPU.ActiveCfg = Debug|Any CPU
		{46FE183E-8E11-4E58-8F05-6AD7C988BA1C}.Debug|Any CPU.Build.0 = Debug|Any CPU
		{46FE183E-8E11-4E58-8F05-6AD7C988BA1C}.Release|Any CPU.ActiveCfg = Release|Any CPU
		{46FE183E-8E11-4E58-8F05-6AD7C988BA1C}.Release|Any CPU.Build.0 = Release|Any CPU
		{C6107976-F15D-41D0-AB54-EBE1B8DCF3AB}.Debug|Any CPU.ActiveCfg = Debug|Any CPU
		{C6107976-F15D-41D0-AB54-EBE1B8DCF3AB}.Debug|Any CPU.Build.0 = Debug|Any CPU
		{C6107976-F15D-41D0-AB54-EBE1B8DCF3AB}.Release|Any CPU.ActiveCfg = Release|Any CPU
		{C6107976-F15D-41D0-AB54-EBE1B8DCF3AB}.Release|Any CPU.Build.0 = Release|Any CPU
		{08BAEFC2-6B37-4D86-9FAA-63688E67F305}.Debug|Any CPU.ActiveCfg = Debug|Any CPU
		{08BAEFC2-6B37-4D86-9FAA-63688E67F305}.Debug|Any CPU.Build.0 = Debug|Any CPU
		{08BAEFC2-6B37-4D86-9FAA-63688E67F305}.Release|Any CPU.ActiveCfg = Release|Any CPU
		{08BAEFC2-6B37-4D86-9FAA-63688E67F305}.Release|Any CPU.Build.0 = Release|Any CPU
		{648525E2-FA64-4B5D-B485-74A7C440F53C}.Debug|Any CPU.ActiveCfg = Debug|Any CPU
		{648525E2-FA64-4B5D-B485-74A7C440F53C}.Debug|Any CPU.Build.0 = Debug|Any CPU
		{648525E2-FA64-4B5D-B485-74A7C440F53C}.Release|Any CPU.ActiveCfg = Release|Any CPU
		{648525E2-FA64-4B5D-B485-74A7C440F53C}.Release|Any CPU.Build.0 = Release|Any CPU
		{CAE41532-BF58-4197-85E7-192A2006325F}.Debug|Any CPU.ActiveCfg = Debug|Any CPU
		{CAE41532-BF58-4197-85E7-192A2006325F}.Debug|Any CPU.Build.0 = Debug|Any CPU
		{CAE41532-BF58-4197-85E7-192A2006325F}.Release|Any CPU.ActiveCfg = Release|Any CPU
		{CAE41532-BF58-4197-85E7-192A2006325F}.Release|Any CPU.Build.0 = Release|Any CPU
		{708C5A46-3385-4C41-81EB-03D9FDB74213}.Debug|Any CPU.ActiveCfg = Debug|Any CPU
		{708C5A46-3385-4C41-81EB-03D9FDB74213}.Debug|Any CPU.Build.0 = Debug|Any CPU
		{708C5A46-3385-4C41-81EB-03D9FDB74213}.Release|Any CPU.ActiveCfg = Release|Any CPU
		{708C5A46-3385-4C41-81EB-03D9FDB74213}.Release|Any CPU.Build.0 = Release|Any CPU
		{5C251E96-AF2B-4348-99F1-6A28E4FAEBB4}.Debug|Any CPU.ActiveCfg = Debug|Any CPU
		{5C251E96-AF2B-4348-99F1-6A28E4FAEBB4}.Debug|Any CPU.Build.0 = Debug|Any CPU
		{5C251E96-AF2B-4348-99F1-6A28E4FAEBB4}.Release|Any CPU.ActiveCfg = Release|Any CPU
		{5C251E96-AF2B-4348-99F1-6A28E4FAEBB4}.Release|Any CPU.Build.0 = Release|Any CPU
		{D9A3B471-8155-479E-AA16-0646B83B654B}.Debug|Any CPU.ActiveCfg = Debug|Any CPU
		{D9A3B471-8155-479E-AA16-0646B83B654B}.Debug|Any CPU.Build.0 = Debug|Any CPU
		{D9A3B471-8155-479E-AA16-0646B83B654B}.Release|Any CPU.ActiveCfg = Release|Any CPU
		{D9A3B471-8155-479E-AA16-0646B83B654B}.Release|Any CPU.Build.0 = Release|Any CPU
		{1061F659-8B41-450F-839F-15485F276E9E}.Debug|Any CPU.ActiveCfg = Debug|Any CPU
		{1061F659-8B41-450F-839F-15485F276E9E}.Debug|Any CPU.Build.0 = Debug|Any CPU
		{1061F659-8B41-450F-839F-15485F276E9E}.Release|Any CPU.ActiveCfg = Release|Any CPU
		{1061F659-8B41-450F-839F-15485F276E9E}.Release|Any CPU.Build.0 = Release|Any CPU
		{CDFF3685-0EF8-4102-B29F-54D8CEF5A5EC}.Debug|Any CPU.ActiveCfg = Debug|Any CPU
		{CDFF3685-0EF8-4102-B29F-54D8CEF5A5EC}.Debug|Any CPU.Build.0 = Debug|Any CPU
		{CDFF3685-0EF8-4102-B29F-54D8CEF5A5EC}.Release|Any CPU.ActiveCfg = Release|Any CPU
		{CDFF3685-0EF8-4102-B29F-54D8CEF5A5EC}.Release|Any CPU.Build.0 = Release|Any CPU
		{6C42AB27-A6B4-4BF1-9485-0CB71F31D3CE}.Debug|Any CPU.ActiveCfg = Debug|Any CPU
		{6C42AB27-A6B4-4BF1-9485-0CB71F31D3CE}.Debug|Any CPU.Build.0 = Debug|Any CPU
		{6C42AB27-A6B4-4BF1-9485-0CB71F31D3CE}.Release|Any CPU.ActiveCfg = Release|Any CPU
		{6C42AB27-A6B4-4BF1-9485-0CB71F31D3CE}.Release|Any CPU.Build.0 = Release|Any CPU
		{AA54C001-AB8F-4B5C-AE85-FE81B447C532}.Debug|Any CPU.ActiveCfg = Debug|Any CPU
		{AA54C001-AB8F-4B5C-AE85-FE81B447C532}.Debug|Any CPU.Build.0 = Debug|Any CPU
		{AA54C001-AB8F-4B5C-AE85-FE81B447C532}.Release|Any CPU.ActiveCfg = Release|Any CPU
		{AA54C001-AB8F-4B5C-AE85-FE81B447C532}.Release|Any CPU.Build.0 = Release|Any CPU
		{9FB27E85-50B3-4EFD-9028-E985EC438B95}.Debug|Any CPU.ActiveCfg = Debug|Any CPU
		{9FB27E85-50B3-4EFD-9028-E985EC438B95}.Debug|Any CPU.Build.0 = Debug|Any CPU
		{9FB27E85-50B3-4EFD-9028-E985EC438B95}.Release|Any CPU.ActiveCfg = Release|Any CPU
		{9FB27E85-50B3-4EFD-9028-E985EC438B95}.Release|Any CPU.Build.0 = Release|Any CPU
		{F2DEE964-8CBB-4455-88A5-0352F6B5B5F8}.Debug|Any CPU.ActiveCfg = Debug|Any CPU
		{F2DEE964-8CBB-4455-88A5-0352F6B5B5F8}.Debug|Any CPU.Build.0 = Debug|Any CPU
		{F2DEE964-8CBB-4455-88A5-0352F6B5B5F8}.Release|Any CPU.ActiveCfg = Release|Any CPU
		{F2DEE964-8CBB-4455-88A5-0352F6B5B5F8}.Release|Any CPU.Build.0 = Release|Any CPU
		{D76EBF26-8DB8-4BEE-A04F-3B8511F83F2A}.Debug|Any CPU.ActiveCfg = Debug|Any CPU
		{D76EBF26-8DB8-4BEE-A04F-3B8511F83F2A}.Debug|Any CPU.Build.0 = Debug|Any CPU
		{D76EBF26-8DB8-4BEE-A04F-3B8511F83F2A}.Release|Any CPU.ActiveCfg = Release|Any CPU
		{D76EBF26-8DB8-4BEE-A04F-3B8511F83F2A}.Release|Any CPU.Build.0 = Release|Any CPU
		{74B646F0-F229-4E7F-8B4B-4C7806474846}.Debug|Any CPU.ActiveCfg = Debug|Any CPU
		{74B646F0-F229-4E7F-8B4B-4C7806474846}.Debug|Any CPU.Build.0 = Debug|Any CPU
		{74B646F0-F229-4E7F-8B4B-4C7806474846}.Release|Any CPU.ActiveCfg = Release|Any CPU
		{74B646F0-F229-4E7F-8B4B-4C7806474846}.Release|Any CPU.Build.0 = Release|Any CPU
		{0A034095-65BE-4106-9272-1C9A838AA624}.Debug|Any CPU.ActiveCfg = Debug|Any CPU
		{0A034095-65BE-4106-9272-1C9A838AA624}.Debug|Any CPU.Build.0 = Debug|Any CPU
		{0A034095-65BE-4106-9272-1C9A838AA624}.Release|Any CPU.ActiveCfg = Release|Any CPU
		{0A034095-65BE-4106-9272-1C9A838AA624}.Release|Any CPU.Build.0 = Release|Any CPU
		{3A90867A-CAE4-45B9-A690-ACDC6012B458}.Debug|Any CPU.ActiveCfg = Debug|Any CPU
		{3A90867A-CAE4-45B9-A690-ACDC6012B458}.Debug|Any CPU.Build.0 = Debug|Any CPU
		{3A90867A-CAE4-45B9-A690-ACDC6012B458}.Release|Any CPU.ActiveCfg = Release|Any CPU
		{3A90867A-CAE4-45B9-A690-ACDC6012B458}.Release|Any CPU.Build.0 = Release|Any CPU
		{C7AE2C6E-D3A7-4C06-8683-1338703E9C31}.Debug|Any CPU.ActiveCfg = Debug|Any CPU
		{C7AE2C6E-D3A7-4C06-8683-1338703E9C31}.Debug|Any CPU.Build.0 = Debug|Any CPU
		{C7AE2C6E-D3A7-4C06-8683-1338703E9C31}.Release|Any CPU.ActiveCfg = Release|Any CPU
		{C7AE2C6E-D3A7-4C06-8683-1338703E9C31}.Release|Any CPU.Build.0 = Release|Any CPU
		{32273F76-1AD0-4AFF-8B4A-3898227D4919}.Debug|Any CPU.ActiveCfg = Debug|Any CPU
		{32273F76-1AD0-4AFF-8B4A-3898227D4919}.Debug|Any CPU.Build.0 = Debug|Any CPU
		{32273F76-1AD0-4AFF-8B4A-3898227D4919}.Release|Any CPU.ActiveCfg = Release|Any CPU
		{32273F76-1AD0-4AFF-8B4A-3898227D4919}.Release|Any CPU.Build.0 = Release|Any CPU
		{CAEF27A7-EA16-4A1C-B826-1EE8CC052E16}.Debug|Any CPU.ActiveCfg = Debug|Any CPU
		{CAEF27A7-EA16-4A1C-B826-1EE8CC052E16}.Debug|Any CPU.Build.0 = Debug|Any CPU
		{CAEF27A7-EA16-4A1C-B826-1EE8CC052E16}.Release|Any CPU.ActiveCfg = Release|Any CPU
		{CAEF27A7-EA16-4A1C-B826-1EE8CC052E16}.Release|Any CPU.Build.0 = Release|Any CPU
	EndGlobalSection
	GlobalSection(SolutionProperties) = preSolution
		HideSolutionNode = FALSE
	EndGlobalSection
	GlobalSection(NestedProjects) = preSolution
		{AEDE7CF2-65F5-40B7-8EDF-5768A96988C0} = {90F655F5-ED44-481F-84A1-AF67C9993D86}
		{FCA92BDF-336B-4C44-84F9-869A27916BB5} = {90F655F5-ED44-481F-84A1-AF67C9993D86}
		{BE812B9B-3954-4860-BEF7-31A775C07718} = {90F655F5-ED44-481F-84A1-AF67C9993D86}
		{E45961C9-4831-415A-B9A0-A9D023ABDE56} = {AEFB1BD9-1DFC-471C-8C8E-ADF2D78D86FD}
		{90F655F5-ED44-481F-84A1-AF67C9993D86} = {F3DBF210-17A8-480E-8D27-BF322154A702}
		{AEFB1BD9-1DFC-471C-8C8E-ADF2D78D86FD} = {F3DBF210-17A8-480E-8D27-BF322154A702}
		{2E0A50F2-3E31-4773-A4D8-5571BCB6E186} = {F3DBF210-17A8-480E-8D27-BF322154A702}
		{00E08CC0-7CFF-4DC2-835F-6A113D133BCA} = {2E0A50F2-3E31-4773-A4D8-5571BCB6E186}
		{43187B7F-5F3A-465E-A949-00083693DF2E} = {F3DBF210-17A8-480E-8D27-BF322154A702}
		{6F60D4D9-34D1-4708-ABCA-B2CCADB61CC9} = {43187B7F-5F3A-465E-A949-00083693DF2E}
		{46FE183E-8E11-4E58-8F05-6AD7C988BA1C} = {2E0A50F2-3E31-4773-A4D8-5571BCB6E186}
		{75D67876-D154-4B75-9396-C8D6252E3D75} = {7CE5339B-BA55-412C-A0D2-D9578ADFE88B}
		{A2451A4A-00F2-4340-B1A1-59D46081DCE2} = {7CE5339B-BA55-412C-A0D2-D9578ADFE88B}
		{C100DC6F-BD8C-4030-BFED-DE70F13277CB} = {F3DBF210-17A8-480E-8D27-BF322154A702}
		{C6107976-F15D-41D0-AB54-EBE1B8DCF3AB} = {C100DC6F-BD8C-4030-BFED-DE70F13277CB}
		{08BAEFC2-6B37-4D86-9FAA-63688E67F305} = {C100DC6F-BD8C-4030-BFED-DE70F13277CB}
		{648525E2-FA64-4B5D-B485-74A7C440F53C} = {C100DC6F-BD8C-4030-BFED-DE70F13277CB}
		{CAE41532-BF58-4197-85E7-192A2006325F} = {C100DC6F-BD8C-4030-BFED-DE70F13277CB}
		{708C5A46-3385-4C41-81EB-03D9FDB74213} = {C100DC6F-BD8C-4030-BFED-DE70F13277CB}
		{5C251E96-AF2B-4348-99F1-6A28E4FAEBB4} = {A2451A4A-00F2-4340-B1A1-59D46081DCE2}
		{D9A3B471-8155-479E-AA16-0646B83B654B} = {A2451A4A-00F2-4340-B1A1-59D46081DCE2}
		{1061F659-8B41-450F-839F-15485F276E9E} = {A2451A4A-00F2-4340-B1A1-59D46081DCE2}
		{CDFF3685-0EF8-4102-B29F-54D8CEF5A5EC} = {A2451A4A-00F2-4340-B1A1-59D46081DCE2}
		{6C42AB27-A6B4-4BF1-9485-0CB71F31D3CE} = {A2451A4A-00F2-4340-B1A1-59D46081DCE2}
		{AA54C001-AB8F-4B5C-AE85-FE81B447C532} = {A2451A4A-00F2-4340-B1A1-59D46081DCE2}
		{9FB27E85-50B3-4EFD-9028-E985EC438B95} = {A2451A4A-00F2-4340-B1A1-59D46081DCE2}
		{F2DEE964-8CBB-4455-88A5-0352F6B5B5F8} = {A2451A4A-00F2-4340-B1A1-59D46081DCE2}
		{D76EBF26-8DB8-4BEE-A04F-3B8511F83F2A} = {A2451A4A-00F2-4340-B1A1-59D46081DCE2}
		{74B646F0-F229-4E7F-8B4B-4C7806474846} = {A2451A4A-00F2-4340-B1A1-59D46081DCE2}
		{0A034095-65BE-4106-9272-1C9A838AA624} = {A2451A4A-00F2-4340-B1A1-59D46081DCE2}
		{3A90867A-CAE4-45B9-A690-ACDC6012B458} = {75D67876-D154-4B75-9396-C8D6252E3D75}
		{AE537F89-22A8-438C-9207-B429D1464A5F} = {7CE5339B-BA55-412C-A0D2-D9578ADFE88B}
		{C7AE2C6E-D3A7-4C06-8683-1338703E9C31} = {AE537F89-22A8-438C-9207-B429D1464A5F}
		{32273F76-1AD0-4AFF-8B4A-3898227D4919} = {02D9CBEA-624E-4DF4-8D76-1B7FEFE52A49}
		{CAEF27A7-EA16-4A1C-B826-1EE8CC052E16} = {2074594C-9B49-41FE-B1C4-DC4436B29F25}
	EndGlobalSection
	GlobalSection(ExtensibilityGlobals) = postSolution
		SolutionGuid = {299929EF-2F5F-4CA6-9404-D69E66D864E6}
	EndGlobalSection
EndGlobal
